
Microsoft Visual Studio Solution File, Format Version 10.00
# Visual Studio 2008
Project("{FAE04EC0-301F-11D3-BF4B-00C04F79EFBC}") = "PWR UI2", "PWR UI\PWR UI2.csproj", "{856A6E7A-3840-43D0-9AE9-447D5C644BC5}"
	ProjectSection(ProjectDependencies) = postProject
		{3BFF2D79-9BC6-4F1A-A0AB-DE3F9A7B5B57} = {3BFF2D79-9BC6-4F1A-A0AB-DE3F9A7B5B57}
	EndProjectSection
EndProject
Project("{FAE04EC0-301F-11D3-BF4B-00C04F79EFBC}") = "MediaSlider", "MediaSlider\MediaSlider.csproj", "{3BFF2D79-9BC6-4F1A-A0AB-DE3F9A7B5B57}"
EndProject
Global
	GlobalSection(SolutionConfigurationPlatforms) = preSolution
		Debug|Any CPU = Debug|Any CPU
		Release|Any CPU = Release|Any CPU
	EndGlobalSection
	GlobalSection(ProjectConfigurationPlatforms) = postSolution
		{856A6E7A-3840-43D0-9AE9-447D5C644BC5}.Debug|Any CPU.ActiveCfg = Debug|Any CPU
		{856A6E7A-3840-43D0-9AE9-447D5C644BC5}.Debug|Any CPU.Build.0 = Debug|Any CPU
		{856A6E7A-3840-43D0-9AE9-447D5C644BC5}.Release|Any CPU.ActiveCfg = Release|Any CPU
		{856A6E7A-3840-43D0-9AE9-447D5C644BC5}.Release|Any CPU.Build.0 = Release|Any CPU
		{3BFF2D79-9BC6-4F1A-A0AB-DE3F9A7B5B57}.Debug|Any CPU.ActiveCfg = Debug|Any CPU
		{3BFF2D79-9BC6-4F1A-A0AB-DE3F9A7B5B57}.Debug|Any CPU.Build.0 = Debug|Any CPU
		{3BFF2D79-9BC6-4F1A-A0AB-DE3F9A7B5B57}.Release|Any CPU.ActiveCfg = Release|Any CPU
		{3BFF2D79-9BC6-4F1A-A0AB-DE3F9A7B5B57}.Release|Any CPU.Build.0 = Release|Any CPU
	EndGlobalSection
	GlobalSection(SolutionProperties) = preSolution
		HideSolutionNode = FALSE
	EndGlobalSection
EndGlobal
